# This file is automatically @generated by Cargo.
# It is not intended for manual editing.
version = 4

[[package]]
name = "abstract-factory"
version = "0.1.0"

[[package]]
name = "button"
version = "0.1.0"

[[package]]
name = "prototype"
version = "0.1.0"

[[package]]
name = "singleton"
version = "0.1.0"

[[package]]
name = "transport"
version = "0.1.0"
